{
  "nodes": {
    "nixpkgs": {
      "locked": {
        "lastModified": 0,
        "narHash": "sha256-3DatW5d5NbArAdeRhUuRkGfKx6j6vUOxpWA4dVKno+8=",
        "path": "/nix/store/a3yxsffdhan4niwa8blxp2406c9gsdm4-source",
        "type": "path"
      },
      "original": {
        "id": "nixpkgs",
        "type": "indirect"
      }
    },
    "root": {
      "inputs": {
        "nixpkgs": "nixpkgs"
      }
    }
  },
  "root": "root",
  "version": 7
}
